
Microsoft Visual Studio Solution File, Format Version 12.00
# Visual Studio Version 17
VisualStudioVersion = 17.0.31903.59
MinimumVisualStudioVersion = 10.0.40219.1
Project("{FAE04EC0-301F-11D3-BF4B-00C04F79EFBC}") = "CleanDinner.Api", "CleanDinner.Api\CleanDinner.Api.csproj", "{B2BAD359-CFB0-4681-9367-ED9D07EE2F78}"
EndProject
Project("{FAE04EC0-301F-11D3-BF4B-00C04F79EFBC}") = "CleanDinner.Application", "CleanDinner.Application\CleanDinner.Application.csproj", "{3F78CA3F-FE12-4747-A6F3-90FF7A8D1C8C}"
EndProject
Project("{FAE04EC0-301F-11D3-BF4B-00C04F79EFBC}") = "CleanDinner.Contracts", "CleanDinner.Contracts\CleanDinner.Contracts.csproj", "{97E28CE8-EAF2-4B7A-8AB8-A1DFEACA99E8}"
EndProject
Project("{FAE04EC0-301F-11D3-BF4B-00C04F79EFBC}") = "CleanDinner.Domain", "CleanDinner.Domain\CleanDinner.Domain.csproj", "{E1AC13E5-867A-4E6E-A909-A8BB7DAEAD94}"
EndProject
Project("{FAE04EC0-301F-11D3-BF4B-00C04F79EFBC}") = "CleanDinner.Infrastructure", "CleanDinner.Infrastructure\CleanDinner.Infrastructure.csproj", "{5ABD87B4-2A40-4DEC-A4FC-A9B4CE87B019}"
EndProject
Global
	GlobalSection(SolutionConfigurationPlatforms) = preSolution
		Debug|Any CPU = Debug|Any CPU
		Debug|x64 = Debug|x64
		Debug|x86 = Debug|x86
		Release|Any CPU = Release|Any CPU
		Release|x64 = Release|x64
		Release|x86 = Release|x86
	EndGlobalSection
	GlobalSection(ProjectConfigurationPlatforms) = postSolution
		{B2BAD359-CFB0-4681-9367-ED9D07EE2F78}.Debug|Any CPU.ActiveCfg = Debug|Any CPU
		{B2BAD359-CFB0-4681-9367-ED9D07EE2F78}.Debug|Any CPU.Build.0 = Debug|Any CPU
		{B2BAD359-CFB0-4681-9367-ED9D07EE2F78}.Debug|x64.ActiveCfg = Debug|Any CPU
		{B2BAD359-CFB0-4681-9367-ED9D07EE2F78}.Debug|x64.Build.0 = Debug|Any CPU
		{B2BAD359-CFB0-4681-9367-ED9D07EE2F78}.Debug|x86.ActiveCfg = Debug|Any CPU
		{B2BAD359-CFB0-4681-9367-ED9D07EE2F78}.Debug|x86.Build.0 = Debug|Any CPU
		{B2BAD359-CFB0-4681-9367-ED9D07EE2F78}.Release|Any CPU.ActiveCfg = Release|Any CPU
		{B2BAD359-CFB0-4681-9367-ED9D07EE2F78}.Release|Any CPU.Build.0 = Release|Any CPU
		{B2BAD359-CFB0-4681-9367-ED9D07EE2F78}.Release|x64.ActiveCfg = Release|Any CPU
		{B2BAD359-CFB0-4681-9367-ED9D07EE2F78}.Release|x64.Build.0 = Release|Any CPU
		{B2BAD359-CFB0-4681-9367-ED9D07EE2F78}.Release|x86.ActiveCfg = Release|Any CPU
		{B2BAD359-CFB0-4681-9367-ED9D07EE2F78}.Release|x86.Build.0 = Release|Any CPU
		{3F78CA3F-FE12-4747-A6F3-90FF7A8D1C8C}.Debug|Any CPU.ActiveCfg = Debug|Any CPU
		{3F78CA3F-FE12-4747-A6F3-90FF7A8D1C8C}.Debug|Any CPU.Build.0 = Debug|Any CPU
		{3F78CA3F-FE12-4747-A6F3-90FF7A8D1C8C}.Debug|x64.ActiveCfg = Debug|Any CPU
		{3F78CA3F-FE12-4747-A6F3-90FF7A8D1C8C}.Debug|x64.Build.0 = Debug|Any CPU
		{3F78CA3F-FE12-4747-A6F3-90FF7A8D1C8C}.Debug|x86.ActiveCfg = Debug|Any CPU
		{3F78CA3F-FE12-4747-A6F3-90FF7A8D1C8C}.Debug|x86.Build.0 = Debug|Any CPU
		{3F78CA3F-FE12-4747-A6F3-90FF7A8D1C8C}.Release|Any CPU.ActiveCfg = Release|Any CPU
		{3F78CA3F-FE12-4747-A6F3-90FF7A8D1C8C}.Release|Any CPU.Build.0 = Release|Any CPU
		{3F78CA3F-FE12-4747-A6F3-90FF7A8D1C8C}.Release|x64.ActiveCfg = Release|Any CPU
		{3F78CA3F-FE12-4747-A6F3-90FF7A8D1C8C}.Release|x64.Build.0 = Release|Any CPU
		{3F78CA3F-FE12-4747-A6F3-90FF7A8D1C8C}.Release|x86.ActiveCfg = Release|Any CPU
		{3F78CA3F-FE12-4747-A6F3-90FF7A8D1C8C}.Release|x86.Build.0 = Release|Any CPU
		{97E28CE8-EAF2-4B7A-8AB8-A1DFEACA99E8}.Debug|Any CPU.ActiveCfg = Debug|Any CPU
		{97E28CE8-EAF2-4B7A-8AB8-A1DFEACA99E8}.Debug|Any CPU.Build.0 = Debug|Any CPU
		{97E28CE8-EAF2-4B7A-8AB8-A1DFEACA99E8}.Debug|x64.ActiveCfg = Debug|Any CPU
		{97E28CE8-EAF2-4B7A-8AB8-A1DFEACA99E8}.Debug|x64.Build.0 = Debug|Any CPU
		{97E28CE8-EAF2-4B7A-8AB8-A1DFEACA99E8}.Debug|x86.ActiveCfg = Debug|Any CPU
		{97E28CE8-EAF2-4B7A-8AB8-A1DFEACA99E8}.Debug|x86.Build.0 = Debug|Any CPU
		{97E28CE8-EAF2-4B7A-8AB8-A1DFEACA99E8}.Release|Any CPU.ActiveCfg = Release|Any CPU
		{97E28CE8-EAF2-4B7A-8AB8-A1DFEACA99E8}.Release|Any CPU.Build.0 = Release|Any CPU
		{97E28CE8-EAF2-4B7A-8AB8-A1DFEACA99E8}.Release|x64.ActiveCfg = Release|Any CPU
		{97E28CE8-EAF2-4B7A-8AB8-A1DFEACA99E8}.Release|x64.Build.0 = Release|Any CPU
		{97E28CE8-EAF2-4B7A-8AB8-A1DFEACA99E8}.Release|x86.ActiveCfg = Release|Any CPU
		{97E28CE8-EAF2-4B7A-8AB8-A1DFEACA99E8}.Release|x86.Build.0 = Release|Any CPU
		{E1AC13E5-867A-4E6E-A909-A8BB7DAEAD94}.Debug|Any CPU.ActiveCfg = Debug|Any CPU
		{E1AC13E5-867A-4E6E-A909-A8BB7DAEAD94}.Debug|Any CPU.Build.0 = Debug|Any CPU
		{E1AC13E5-867A-4E6E-A909-A8BB7DAEAD94}.Debug|x64.ActiveCfg = Debug|Any CPU
		{E1AC13E5-867A-4E6E-A909-A8BB7DAEAD94}.Debug|x64.Build.0 = Debug|Any CPU
		{E1AC13E5-867A-4E6E-A909-A8BB7DAEAD94}.Debug|x86.ActiveCfg = Debug|Any CPU
		{E1AC13E5-867A-4E6E-A909-A8BB7DAEAD94}.Debug|x86.Build.0 = Debug|Any CPU
		{E1AC13E5-867A-4E6E-A909-A8BB7DAEAD94}.Release|Any CPU.ActiveCfg = Release|Any CPU
		{E1AC13E5-867A-4E6E-A909-A8BB7DAEAD94}.Release|Any CPU.Build.0 = Release|Any CPU
		{E1AC13E5-867A-4E6E-A909-A8BB7DAEAD94}.Release|x64.ActiveCfg = Release|Any CPU
		{E1AC13E5-867A-4E6E-A909-A8BB7DAEAD94}.Release|x64.Build.0 = Release|Any CPU
		{E1AC13E5-867A-4E6E-A909-A8BB7DAEAD94}.Release|x86.ActiveCfg = Release|Any CPU
		{E1AC13E5-867A-4E6E-A909-A8BB7DAEAD94}.Release|x86.Build.0 = Release|Any CPU
		{5ABD87B4-2A40-4DEC-A4FC-A9B4CE87B019}.Debug|Any CPU.ActiveCfg = Debug|Any CPU
		{5ABD87B4-2A40-4DEC-A4FC-A9B4CE87B019}.Debug|Any CPU.Build.0 = Debug|Any CPU
		{5ABD87B4-2A40-4DEC-A4FC-A9B4CE87B019}.Debug|x64.ActiveCfg = Debug|Any CPU
		{5ABD87B4-2A40-4DEC-A4FC-A9B4CE87B019}.Debug|x64.Build.0 = Debug|Any CPU
		{5ABD87B4-2A40-4DEC-A4FC-A9B4CE87B019}.Debug|x86.ActiveCfg = Debug|Any CPU
		{5ABD87B4-2A40-4DEC-A4FC-A9B4CE87B019}.Debug|x86.Build.0 = Debug|Any CPU
		{5ABD87B4-2A40-4DEC-A4FC-A9B4CE87B019}.Release|Any CPU.ActiveCfg = Release|Any CPU
		{5ABD87B4-2A40-4DEC-A4FC-A9B4CE87B019}.Release|Any CPU.Build.0 = Release|Any CPU
		{5ABD87B4-2A40-4DEC-A4FC-A9B4CE87B019}.Release|x64.ActiveCfg = Release|Any CPU
		{5ABD87B4-2A40-4DEC-A4FC-A9B4CE87B019}.Release|x64.Build.0 = Release|Any CPU
		{5ABD87B4-2A40-4DEC-A4FC-A9B4CE87B019}.Release|x86.ActiveCfg = Release|Any CPU
		{5ABD87B4-2A40-4DEC-A4FC-A9B4CE87B019}.Release|x86.Build.0 = Release|Any CPU
	EndGlobalSection
	GlobalSection(SolutionProperties) = preSolution
		HideSolutionNode = FALSE
	EndGlobalSection
EndGlobal
